
Microsoft Visual Studio Solution File, Format Version 12.00
# Visual Studio 15
VisualStudioVersion = 15.0.28010.2003
MinimumVisualStudioVersion = 10.0.40219.1
Project("{9A19103F-16F7-4668-BE54-9A1E7A4F7556}") = "CherubNLP", "CherubNLP\CherubNLP.csproj", "{5E7C15B9-FE16-474F-B8C4-C5DC41E656AA}"
EndProject
Project("{9A19103F-16F7-4668-BE54-9A1E7A4F7556}") = "CherubNLP.UnitTest", "CherubNLP.UnitTest\CherubNLP.UnitTest.csproj", "{958AC705-B9D7-4071-B135-048DE1EEE87A}"
EndProject
Project("{9A19103F-16F7-4668-BE54-9A1E7A4F7556}") = "Bigtree.Algorithm", "..\Bigtree.MachineLearning\Bigtree.Algorithm\Bigtree.Algorithm.csproj", "{D88D6184-8894-47DC-B97E-E37A533CFB97}"
EndProject
Project("{9A19103F-16F7-4668-BE54-9A1E7A4F7556}") = "CherubNLP.Console", "CherubNLP.Console\CherubNLP.Console.csproj", "{98AB0B44-E5E2-4C7E-B541-9E4226B24E63}"
EndProject
Project("{9A19103F-16F7-4668-BE54-9A1E7A4F7556}") = "NumSharp.Core", "..\NumSharp\src\NumSharp.Core\NumSharp.Core.csproj", "{4274EA53-984F-4050-A1F5-943B0DA88007}"
EndProject
Project("{9A19103F-16F7-4668-BE54-9A1E7A4F7556}") = "PandasNET", "..\Pandas.NET\src\PandasNET\PandasNET.csproj", "{FB67F6F9-515A-429E-BAE7-198C1BA77FA0}"
EndProject
Global
	GlobalSection(SolutionConfigurationPlatforms) = preSolution
		ARTICULATE|Any CPU = ARTICULATE|Any CPU
		ARTICULATE|x64 = ARTICULATE|x64
		Debug|Any CPU = Debug|Any CPU
		Debug|x64 = Debug|x64
		DIALOGFLOW|Any CPU = DIALOGFLOW|Any CPU
		DIALOGFLOW|x64 = DIALOGFLOW|x64
		RASA|Any CPU = RASA|Any CPU
		RASA|x64 = RASA|x64
		Release|Any CPU = Release|Any CPU
		Release|x64 = Release|x64
	EndGlobalSection
	GlobalSection(ProjectConfigurationPlatforms) = postSolution
		{5E7C15B9-FE16-474F-B8C4-C5DC41E656AA}.ARTICULATE|Any CPU.ActiveCfg = Release|Any CPU
		{5E7C15B9-FE16-474F-B8C4-C5DC41E656AA}.ARTICULATE|Any CPU.Build.0 = Release|Any CPU
		{5E7C15B9-FE16-474F-B8C4-C5DC41E656AA}.ARTICULATE|x64.ActiveCfg = Release|Any CPU
		{5E7C15B9-FE16-474F-B8C4-C5DC41E656AA}.ARTICULATE|x64.Build.0 = Release|Any CPU
		{5E7C15B9-FE16-474F-B8C4-C5DC41E656AA}.Debug|Any CPU.ActiveCfg = Debug|Any CPU
		{5E7C15B9-FE16-474F-B8C4-C5DC41E656AA}.Debug|Any CPU.Build.0 = Debug|Any CPU
		{5E7C15B9-FE16-474F-B8C4-C5DC41E656AA}.Debug|x64.ActiveCfg = Debug|Any CPU
		{5E7C15B9-FE16-474F-B8C4-C5DC41E656AA}.Debug|x64.Build.0 = Debug|Any CPU
		{5E7C15B9-FE16-474F-B8C4-C5DC41E656AA}.DIALOGFLOW|Any CPU.ActiveCfg = Debug|Any CPU
		{5E7C15B9-FE16-474F-B8C4-C5DC41E656AA}.DIALOGFLOW|Any CPU.Build.0 = Debug|Any CPU
		{5E7C15B9-FE16-474F-B8C4-C5DC41E656AA}.DIALOGFLOW|x64.ActiveCfg = Debug|Any CPU
		{5E7C15B9-FE16-474F-B8C4-C5DC41E656AA}.DIALOGFLOW|x64.Build.0 = Debug|Any CPU
		{5E7C15B9-FE16-474F-B8C4-C5DC41E656AA}.RASA|Any CPU.ActiveCfg = Release|Any CPU
		{5E7C15B9-FE16-474F-B8C4-C5DC41E656AA}.RASA|Any CPU.Build.0 = Release|Any CPU
		{5E7C15B9-FE16-474F-B8C4-C5DC41E656AA}.RASA|x64.ActiveCfg = Release|Any CPU
		{5E7C15B9-FE16-474F-B8C4-C5DC41E656AA}.RASA|x64.Build.0 = Release|Any CPU
		{5E7C15B9-FE16-474F-B8C4-C5DC41E656AA}.Release|Any CPU.ActiveCfg = Release|Any CPU
		{5E7C15B9-FE16-474F-B8C4-C5DC41E656AA}.Release|Any CPU.Build.0 = Release|Any CPU
		{5E7C15B9-FE16-474F-B8C4-C5DC41E656AA}.Release|x64.ActiveCfg = Release|Any CPU
		{5E7C15B9-FE16-474F-B8C4-C5DC41E656AA}.Release|x64.Build.0 = Release|Any CPU
		{958AC705-B9D7-4071-B135-048DE1EEE87A}.ARTICULATE|Any CPU.ActiveCfg = Release|Any CPU
		{958AC705-B9D7-4071-B135-048DE1EEE87A}.ARTICULATE|Any CPU.Build.0 = Release|Any CPU
		{958AC705-B9D7-4071-B135-048DE1EEE87A}.ARTICULATE|x64.ActiveCfg = Release|Any CPU
		{958AC705-B9D7-4071-B135-048DE1EEE87A}.ARTICULATE|x64.Build.0 = Release|Any CPU
		{958AC705-B9D7-4071-B135-048DE1EEE87A}.Debug|Any CPU.ActiveCfg = Debug|Any CPU
		{958AC705-B9D7-4071-B135-048DE1EEE87A}.Debug|Any CPU.Build.0 = Debug|Any CPU
		{958AC705-B9D7-4071-B135-048DE1EEE87A}.Debug|x64.ActiveCfg = Debug|Any CPU
		{958AC705-B9D7-4071-B135-048DE1EEE87A}.Debug|x64.Build.0 = Debug|Any CPU
		{958AC705-B9D7-4071-B135-048DE1EEE87A}.DIALOGFLOW|Any CPU.ActiveCfg = Debug|Any CPU
		{958AC705-B9D7-4071-B135-048DE1EEE87A}.DIALOGFLOW|Any CPU.Build.0 = Debug|Any CPU
		{958AC705-B9D7-4071-B135-048DE1EEE87A}.DIALOGFLOW|x64.ActiveCfg = Debug|Any CPU
		{958AC705-B9D7-4071-B135-048DE1EEE87A}.DIALOGFLOW|x64.Build.0 = Debug|Any CPU
		{958AC705-B9D7-4071-B135-048DE1EEE87A}.RASA|Any CPU.ActiveCfg = Release|Any CPU
		{958AC705-B9D7-4071-B135-048DE1EEE87A}.RASA|Any CPU.Build.0 = Release|Any CPU
		{958AC705-B9D7-4071-B135-048DE1EEE87A}.RASA|x64.ActiveCfg = Release|Any CPU
		{958AC705-B9D7-4071-B135-048DE1EEE87A}.RASA|x64.Build.0 = Release|Any CPU
		{958AC705-B9D7-4071-B135-048DE1EEE87A}.Release|Any CPU.ActiveCfg = Release|Any CPU
		{958AC705-B9D7-4071-B135-048DE1EEE87A}.Release|Any CPU.Build.0 = Release|Any CPU
		{958AC705-B9D7-4071-B135-048DE1EEE87A}.Release|x64.ActiveCfg = Release|Any CPU
		{958AC705-B9D7-4071-B135-048DE1EEE87A}.Release|x64.Build.0 = Release|Any CPU
		{D88D6184-8894-47DC-B97E-E37A533CFB97}.ARTICULATE|Any CPU.ActiveCfg = Release|Any CPU
		{D88D6184-8894-47DC-B97E-E37A533CFB97}.ARTICULATE|Any CPU.Build.0 = Release|Any CPU
		{D88D6184-8894-47DC-B97E-E37A533CFB97}.ARTICULATE|x64.ActiveCfg = Release|x64
		{D88D6184-8894-47DC-B97E-E37A533CFB97}.ARTICULATE|x64.Build.0 = Release|x64
		{D88D6184-8894-47DC-B97E-E37A533CFB97}.Debug|Any CPU.ActiveCfg = Debug|Any CPU
		{D88D6184-8894-47DC-B97E-E37A533CFB97}.Debug|Any CPU.Build.0 = Debug|Any CPU
		{D88D6184-8894-47DC-B97E-E37A533CFB97}.Debug|x64.ActiveCfg = Debug|x64
		{D88D6184-8894-47DC-B97E-E37A533CFB97}.Debug|x64.Build.0 = Debug|x64
		{D88D6184-8894-47DC-B97E-E37A533CFB97}.DIALOGFLOW|Any CPU.ActiveCfg = Debug|Any CPU
		{D88D6184-8894-47DC-B97E-E37A533CFB97}.DIALOGFLOW|Any CPU.Build.0 = Debug|Any CPU
		{D88D6184-8894-47DC-B97E-E37A533CFB97}.DIALOGFLOW|x64.ActiveCfg = Debug|x64
		{D88D6184-8894-47DC-B97E-E37A533CFB97}.DIALOGFLOW|x64.Build.0 = Debug|x64
		{D88D6184-8894-47DC-B97E-E37A533CFB97}.RASA|Any CPU.ActiveCfg = Release|Any CPU
		{D88D6184-8894-47DC-B97E-E37A533CFB97}.RASA|Any CPU.Build.0 = Release|Any CPU
		{D88D6184-8894-47DC-B97E-E37A533CFB97}.RASA|x64.ActiveCfg = Release|x64
		{D88D6184-8894-47DC-B97E-E37A533CFB97}.RASA|x64.Build.0 = Release|x64
		{D88D6184-8894-47DC-B97E-E37A533CFB97}.Release|Any CPU.ActiveCfg = Release|Any CPU
		{D88D6184-8894-47DC-B97E-E37A533CFB97}.Release|Any CPU.Build.0 = Release|Any CPU
		{D88D6184-8894-47DC-B97E-E37A533CFB97}.Release|x64.ActiveCfg = Release|x64
		{D88D6184-8894-47DC-B97E-E37A533CFB97}.Release|x64.Build.0 = Release|x64
		{98AB0B44-E5E2-4C7E-B541-9E4226B24E63}.ARTICULATE|Any CPU.ActiveCfg = Debug|Any CPU
		{98AB0B44-E5E2-4C7E-B541-9E4226B24E63}.ARTICULATE|Any CPU.Build.0 = Debug|Any CPU
		{98AB0B44-E5E2-4C7E-B541-9E4226B24E63}.ARTICULATE|x64.ActiveCfg = Debug|Any CPU
		{98AB0B44-E5E2-4C7E-B541-9E4226B24E63}.ARTICULATE|x64.Build.0 = Debug|Any CPU
		{98AB0B44-E5E2-4C7E-B541-9E4226B24E63}.Debug|Any CPU.ActiveCfg = Debug|Any CPU
		{98AB0B44-E5E2-4C7E-B541-9E4226B24E63}.Debug|Any CPU.Build.0 = Debug|Any CPU
		{98AB0B44-E5E2-4C7E-B541-9E4226B24E63}.Debug|x64.ActiveCfg = Debug|Any CPU
		{98AB0B44-E5E2-4C7E-B541-9E4226B24E63}.Debug|x64.Build.0 = Debug|Any CPU
		{98AB0B44-E5E2-4C7E-B541-9E4226B24E63}.DIALOGFLOW|Any CPU.ActiveCfg = Debug|Any CPU
		{98AB0B44-E5E2-4C7E-B541-9E4226B24E63}.DIALOGFLOW|Any CPU.Build.0 = Debug|Any CPU
		{98AB0B44-E5E2-4C7E-B541-9E4226B24E63}.DIALOGFLOW|x64.ActiveCfg = Debug|Any CPU
		{98AB0B44-E5E2-4C7E-B541-9E4226B24E63}.DIALOGFLOW|x64.Build.0 = Debug|Any CPU
		{98AB0B44-E5E2-4C7E-B541-9E4226B24E63}.RASA|Any CPU.ActiveCfg = Release|Any CPU
		{98AB0B44-E5E2-4C7E-B541-9E4226B24E63}.RASA|Any CPU.Build.0 = Release|Any CPU
		{98AB0B44-E5E2-4C7E-B541-9E4226B24E63}.RASA|x64.ActiveCfg = Release|Any CPU
		{98AB0B44-E5E2-4C7E-B541-9E4226B24E63}.RASA|x64.Build.0 = Release|Any CPU
		{98AB0B44-E5E2-4C7E-B541-9E4226B24E63}.Release|Any CPU.ActiveCfg = Release|Any CPU
		{98AB0B44-E5E2-4C7E-B541-9E4226B24E63}.Release|Any CPU.Build.0 = Release|Any CPU
		{98AB0B44-E5E2-4C7E-B541-9E4226B24E63}.Release|x64.ActiveCfg = Release|Any CPU
		{98AB0B44-E5E2-4C7E-B541-9E4226B24E63}.Release|x64.Build.0 = Release|Any CPU
		{4274EA53-984F-4050-A1F5-943B0DA88007}.ARTICULATE|Any CPU.ActiveCfg = Debug|Any CPU
		{4274EA53-984F-4050-A1F5-943B0DA88007}.ARTICULATE|Any CPU.Build.0 = Debug|Any CPU
		{4274EA53-984F-4050-A1F5-943B0DA88007}.ARTICULATE|x64.ActiveCfg = Debug|Any CPU
		{4274EA53-984F-4050-A1F5-943B0DA88007}.ARTICULATE|x64.Build.0 = Debug|Any CPU
		{4274EA53-984F-4050-A1F5-943B0DA88007}.Debug|Any CPU.ActiveCfg = Debug|Any CPU
		{4274EA53-984F-4050-A1F5-943B0DA88007}.Debug|Any CPU.Build.0 = Debug|Any CPU
		{4274EA53-984F-4050-A1F5-943B0DA88007}.Debug|x64.ActiveCfg = Debug|Any CPU
		{4274EA53-984F-4050-A1F5-943B0DA88007}.Debug|x64.Build.0 = Debug|Any CPU
		{4274EA53-984F-4050-A1F5-943B0DA88007}.DIALOGFLOW|Any CPU.ActiveCfg = Debug|Any CPU
		{4274EA53-984F-4050-A1F5-943B0DA88007}.DIALOGFLOW|Any CPU.Build.0 = Debug|Any CPU
		{4274EA53-984F-4050-A1F5-943B0DA88007}.DIALOGFLOW|x64.ActiveCfg = Debug|Any CPU
		{4274EA53-984F-4050-A1F5-943B0DA88007}.DIALOGFLOW|x64.Build.0 = Debug|Any CPU
		{4274EA53-984F-4050-A1F5-943B0DA88007}.RASA|Any CPU.ActiveCfg = Release|Any CPU
		{4274EA53-984F-4050-A1F5-943B0DA88007}.RASA|Any CPU.Build.0 = Release|Any CPU
		{4274EA53-984F-4050-A1F5-943B0DA88007}.RASA|x64.ActiveCfg = Release|Any CPU
		{4274EA53-984F-4050-A1F5-943B0DA88007}.RASA|x64.Build.0 = Release|Any CPU
		{4274EA53-984F-4050-A1F5-943B0DA88007}.Release|Any CPU.ActiveCfg = Release|Any CPU
		{4274EA53-984F-4050-A1F5-943B0DA88007}.Release|Any CPU.Build.0 = Release|Any CPU
		{4274EA53-984F-4050-A1F5-943B0DA88007}.Release|x64.ActiveCfg = Release|Any CPU
		{4274EA53-984F-4050-A1F5-943B0DA88007}.Release|x64.Build.0 = Release|Any CPU
		{FB67F6F9-515A-429E-BAE7-198C1BA77FA0}.ARTICULATE|Any CPU.ActiveCfg = Debug|Any CPU
		{FB67F6F9-515A-429E-BAE7-198C1BA77FA0}.ARTICULATE|Any CPU.Build.0 = Debug|Any CPU
		{FB67F6F9-515A-429E-BAE7-198C1BA77FA0}.ARTICULATE|x64.ActiveCfg = Debug|Any CPU
		{FB67F6F9-515A-429E-BAE7-198C1BA77FA0}.ARTICULATE|x64.Build.0 = Debug|Any CPU
		{FB67F6F9-515A-429E-BAE7-198C1BA77FA0}.Debug|Any CPU.ActiveCfg = Debug|Any CPU
		{FB67F6F9-515A-429E-BAE7-198C1BA77FA0}.Debug|Any CPU.Build.0 = Debug|Any CPU
		{FB67F6F9-515A-429E-BAE7-198C1BA77FA0}.Debug|x64.ActiveCfg = Debug|Any CPU
		{FB67F6F9-515A-429E-BAE7-198C1BA77FA0}.Debug|x64.Build.0 = Debug|Any CPU
		{FB67F6F9-515A-429E-BAE7-198C1BA77FA0}.DIALOGFLOW|Any CPU.ActiveCfg = Debug|Any CPU
		{FB67F6F9-515A-429E-BAE7-198C1BA77FA0}.DIALOGFLOW|Any CPU.Build.0 = Debug|Any CPU
		{FB67F6F9-515A-429E-BAE7-198C1BA77FA0}.DIALOGFLOW|x64.ActiveCfg = Debug|Any CPU
		{FB67F6F9-515A-429E-BAE7-198C1BA77FA0}.DIALOGFLOW|x64.Build.0 = Debug|Any CPU
		{FB67F6F9-515A-429E-BAE7-198C1BA77FA0}.RASA|Any CPU.ActiveCfg = Release|Any CPU
		{FB67F6F9-515A-429E-BAE7-198C1BA77FA0}.RASA|Any CPU.Build.0 = Release|Any CPU
		{FB67F6F9-515A-429E-BAE7-198C1BA77FA0}.RASA|x64.ActiveCfg = Release|Any CPU
		{FB67F6F9-515A-429E-BAE7-198C1BA77FA0}.RASA|x64.Build.0 = Release|Any CPU
		{FB67F6F9-515A-429E-BAE7-198C1BA77FA0}.Release|Any CPU.ActiveCfg = Release|Any CPU
		{FB67F6F9-515A-429E-BAE7-198C1BA77FA0}.Release|Any CPU.Build.0 = Release|Any CPU
		{FB67F6F9-515A-429E-BAE7-198C1BA77FA0}.Release|x64.ActiveCfg = Release|Any CPU
		{FB67F6F9-515A-429E-BAE7-198C1BA77FA0}.Release|x64.Build.0 = Release|Any CPU
	EndGlobalSection
	GlobalSection(SolutionProperties) = preSolution
		HideSolutionNode = FALSE
	EndGlobalSection
	GlobalSection(ExtensibilityGlobals) = postSolution
		SolutionGuid = {26DCDD72-01C4-45FA-85B7-2BE26A7D153C}
	EndGlobalSection
EndGlobal
